
Microsoft Visual Studio Solution File, Format Version 12.00
# Visual Studio Version 17
VisualStudioVersion = 17.3.32922.545
MinimumVisualStudioVersion = 10.0.40219.1
Project("{2150E333-8FDC-42A3-9474-1A3956D46DE8}") = "src", "src", "{263796BC-08A2-45C8-9447-8A8421054271}"
EndProject
Project("{2150E333-8FDC-42A3-9474-1A3956D46DE8}") = "API", "API", "{906124B1-3EE9-4000-BB41-EDC9E4F991E2}"
EndProject
Project("{2150E333-8FDC-42A3-9474-1A3956D46DE8}") = "Data", "Data", "{6A30B839-79F2-4F53-B0EC-E9FA09933CD1}"
EndProject
Project("{2150E333-8FDC-42A3-9474-1A3956D46DE8}") = "Domain", "Domain", "{C624D119-3CB6-4F33-81D6-A45950F57F35}"
EndProject
Project("{2150E333-8FDC-42A3-9474-1A3956D46DE8}") = "tests", "tests", "{4D2A71A1-6699-47D9-9978-A0B6CDD621A3}"
EndProject
Project("{2150E333-8FDC-42A3-9474-1A3956D46DE8}") = "Client", "Client", "{436717F5-64DF-48FD-B608-3817D7C1A289}"
EndProject
Project("{9A19103F-16F7-4668-BE54-9A1E7A4F7556}") = "ML.Domain", "Domain\ML.Domain\ML.Domain.csproj", "{3E5119F0-965B-4DC7-9F31-BBED9076FBCD}"
EndProject
Project("{9A19103F-16F7-4668-BE54-9A1E7A4F7556}") = "ML.Data", "Data\ML.Data\ML.Data.csproj", "{BE742E9D-D09B-49ED-9F42-EB0F2C0E81A6}"
EndProject
Project("{9A19103F-16F7-4668-BE54-9A1E7A4F7556}") = "ML.API", "API\ML.API\ML.API.csproj", "{8E548D0D-F5DB-493F-9641-9CE222BA96FC}"
EndProject
Project("{9A19103F-16F7-4668-BE54-9A1E7A4F7556}") = "ML.Client", "Client\ML.Client\ML.Client.csproj", "{7D380A42-8DA8-4EB1-94C4-3A71BE5325B9}"
EndProject
Global
	GlobalSection(SolutionConfigurationPlatforms) = preSolution
		Debug|Any CPU = Debug|Any CPU
		Release|Any CPU = Release|Any CPU
	EndGlobalSection
	GlobalSection(ProjectConfigurationPlatforms) = postSolution
		{3E5119F0-965B-4DC7-9F31-BBED9076FBCD}.Debug|Any CPU.ActiveCfg = Debug|Any CPU
		{3E5119F0-965B-4DC7-9F31-BBED9076FBCD}.Debug|Any CPU.Build.0 = Debug|Any CPU
		{3E5119F0-965B-4DC7-9F31-BBED9076FBCD}.Release|Any CPU.ActiveCfg = Release|Any CPU
		{3E5119F0-965B-4DC7-9F31-BBED9076FBCD}.Release|Any CPU.Build.0 = Release|Any CPU
		{BE742E9D-D09B-49ED-9F42-EB0F2C0E81A6}.Debug|Any CPU.ActiveCfg = Debug|Any CPU
		{BE742E9D-D09B-49ED-9F42-EB0F2C0E81A6}.Debug|Any CPU.Build.0 = Debug|Any CPU
		{BE742E9D-D09B-49ED-9F42-EB0F2C0E81A6}.Release|Any CPU.ActiveCfg = Release|Any CPU
		{BE742E9D-D09B-49ED-9F42-EB0F2C0E81A6}.Release|Any CPU.Build.0 = Release|Any CPU
		{8E548D0D-F5DB-493F-9641-9CE222BA96FC}.Debug|Any CPU.ActiveCfg = Debug|Any CPU
		{8E548D0D-F5DB-493F-9641-9CE222BA96FC}.Debug|Any CPU.Build.0 = Debug|Any CPU
		{8E548D0D-F5DB-493F-9641-9CE222BA96FC}.Release|Any CPU.ActiveCfg = Release|Any CPU
		{8E548D0D-F5DB-493F-9641-9CE222BA96FC}.Release|Any CPU.Build.0 = Release|Any CPU
		{7D380A42-8DA8-4EB1-94C4-3A71BE5325B9}.Debug|Any CPU.ActiveCfg = Debug|Any CPU
		{7D380A42-8DA8-4EB1-94C4-3A71BE5325B9}.Debug|Any CPU.Build.0 = Debug|Any CPU
		{7D380A42-8DA8-4EB1-94C4-3A71BE5325B9}.Release|Any CPU.ActiveCfg = Release|Any CPU
		{7D380A42-8DA8-4EB1-94C4-3A71BE5325B9}.Release|Any CPU.Build.0 = Release|Any CPU
	EndGlobalSection
	GlobalSection(SolutionProperties) = preSolution
		HideSolutionNode = FALSE
	EndGlobalSection
	GlobalSection(NestedProjects) = preSolution
		{906124B1-3EE9-4000-BB41-EDC9E4F991E2} = {263796BC-08A2-45C8-9447-8A8421054271}
		{6A30B839-79F2-4F53-B0EC-E9FA09933CD1} = {263796BC-08A2-45C8-9447-8A8421054271}
		{C624D119-3CB6-4F33-81D6-A45950F57F35} = {263796BC-08A2-45C8-9447-8A8421054271}
		{436717F5-64DF-48FD-B608-3817D7C1A289} = {263796BC-08A2-45C8-9447-8A8421054271}
		{3E5119F0-965B-4DC7-9F31-BBED9076FBCD} = {C624D119-3CB6-4F33-81D6-A45950F57F35}
		{BE742E9D-D09B-49ED-9F42-EB0F2C0E81A6} = {6A30B839-79F2-4F53-B0EC-E9FA09933CD1}
		{8E548D0D-F5DB-493F-9641-9CE222BA96FC} = {906124B1-3EE9-4000-BB41-EDC9E4F991E2}
		{7D380A42-8DA8-4EB1-94C4-3A71BE5325B9} = {436717F5-64DF-48FD-B608-3817D7C1A289}
	EndGlobalSection
	GlobalSection(ExtensibilityGlobals) = postSolution
		SolutionGuid = {089F506B-BB72-40E1-8716-4FE85340F1F8}
	EndGlobalSection
EndGlobal
